// !$*UTF8*$!
{
	archiveVersion = 1;
	classes = {
	};
	objectVersion = 46;
	objects = {

/* Begin PBXBuildFile section */
		C06682591AC7D5A10064A6C0 /* AppDelegate.swift in Sources */ = {isa = PBXBuildFile; fileRef = C06682581AC7D5A10064A6C0 /* AppDelegate.swift */; };
		C066825B1AC7D5A10064A6C0 /* ViewController.swift in Sources */ = {isa = PBXBuildFile; fileRef = C066825A1AC7D5A10064A6C0 /* ViewController.swift */; };
		C066825E1AC7D5A10064A6C0 /* Main.storyboard in Resources */ = {isa = PBXBuildFile; fileRef = C066825C1AC7D5A10064A6C0 /* Main.storyboard */; };
		C06682601AC7D5A10064A6C0 /* Images.xcassets in Resources */ = {isa = PBXBuildFile; fileRef = C066825F1AC7D5A10064A6C0 /* Images.xcassets */; };
		C06682631AC7D5A10064A6C0 /* LaunchScreen.xib in Resources */ = {isa = PBXBuildFile; fileRef = C06682611AC7D5A10064A6C0 /* LaunchScreen.xib */; };
		C066826F1AC7D5A10064A6C0 /* GMapsDemoTests.swift in Sources */ = {isa = PBXBuildFile; fileRef = C066826E1AC7D5A10064A6C0 /* GMapsDemoTests.swift */; };
		C066827A1AC7DED00064A6C0 /* GoogleMaps.framework in Frameworks */ = {isa = PBXBuildFile; fileRef = C06682791AC7DED00064A6C0 /* GoogleMaps.framework */; };
		C066827C1AC7DF010064A6C0 /* GoogleMaps.bundle in Resources */ = {isa = PBXBuildFile; fileRef = C066827B1AC7DF010064A6C0 /* GoogleMaps.bundle */; };
		C066827E1AC7DF3A0064A6C0 /* AVFoundation.framework in Frameworks */ = {isa = PBXBuildFile; fileRef = C066827D1AC7DF3A0064A6C0 /* AVFoundation.framework */; };
		C06682801AC7DF430064A6C0 /* CoreData.framework in Frameworks */ = {isa = PBXBuildFile; fileRef = C066827F1AC7DF430064A6C0 /* CoreData.framework */; };
		C06682821AC7DF4D0064A6C0 /* CoreLocation.framework in Frameworks */ = {isa = PBXBuildFile; fileRef = C06682811AC7DF4D0064A6C0 /* CoreLocation.framework */; };
		C06682841AC7DF560064A6C0 /* CoreText.framework in Frameworks */ = {isa = PBXBuildFile; fileRef = C06682831AC7DF560064A6C0 /* CoreText.framework */; };
		C06682861AC7DF5F0064A6C0 /* GLKit.framework in Frameworks */ = {isa = PBXBuildFile; fileRef = C06682851AC7DF5F0064A6C0 /* GLKit.framework */; };
		C06682881AC7DF680064A6C0 /* ImageIO.framework in Frameworks */ = {isa = PBXBuildFile; fileRef = C06682871AC7DF680064A6C0 /* ImageIO.framework */; };
		C066828A1AC7DF770064A6C0 /* libc++.dylib in Frameworks */ = {isa = PBXBuildFile; fileRef = C06682891AC7DF770064A6C0 /* libc++.dylib */; };
		C066828C1AC7DF890064A6C0 /* libicucore.dylib in Frameworks */ = {isa = PBXBuildFile; fileRef = C066828B1AC7DF890064A6C0 /* libicucore.dylib */; };
		C066828E1AC7DF920064A6C0 /* libz.dylib in Frameworks */ = {isa = PBXBuildFile; fileRef = C066828D1AC7DF920064A6C0 /* libz.dylib */; };
		C06682901AC7DF9B0064A6C0 /* OpenGLES.framework in Frameworks */ = {isa = PBXBuildFile; fileRef = C066828F1AC7DF9B0064A6C0 /* OpenGLES.framework */; };
		C06682921AC7DFA40064A6C0 /* QuartzCore.framework in Frameworks */ = {isa = PBXBuildFile; fileRef = C06682911AC7DFA40064A6C0 /* QuartzCore.framework */; };
		C06682941AC7DFAD0064A6C0 /* SystemConfiguration.framework in Frameworks */ = {isa = PBXBuildFile; fileRef = C06682931AC7DFAD0064A6C0 /* SystemConfiguration.framework */; };
		C06682991AC7E8ED0064A6C0 /* MapTasks.swift in Sources */ = {isa = PBXBuildFile; fileRef = C06682981AC7E8ED0064A6C0 /* MapTasks.swift */; };
/* End PBXBuildFile section */

/* Begin PBXContainerItemProxy section */
		C06682691AC7D5A10064A6C0 /* PBXContainerItemProxy */ = {
			isa = PBXContainerItemProxy;
			containerPortal = C066824B1AC7D5A10064A6C0 /* Project object */;
			proxyType = 1;
			remoteGlobalIDString = C06682521AC7D5A10064A6C0;
			remoteInfo = GMapsDemo;
		};
/* End PBXContainerItemProxy section */

/* Begin PBXFileReference section */
		C06682531AC7D5A10064A6C0 /* GMapsDemo.app */ = {isa = PBXFileReference; explicitFileType = wrapper.application; includeInIndex = 0; path = GMapsDemo.app; sourceTree = BUILT_PRODUCTS_DIR; };
		C06682571AC7D5A10064A6C0 /* Info.plist */ = {isa = PBXFileReference; lastKnownFileType = text.plist.xml; path = Info.plist; sourceTree = "<group>"; };
		C06682581AC7D5A10064A6C0 /* AppDelegate.swift */ = {isa = PBXFileReference; lastKnownFileType = sourcecode.swift; path = AppDelegate.swift; sourceTree = "<group>"; };
		C066825A1AC7D5A10064A6C0 /* ViewController.swift */ = {isa = PBXFileReference; lastKnownFileType = sourcecode.swift; path = ViewController.swift; sourceTree = "<group>"; };
		C066825D1AC7D5A10064A6C0 /* Base */ = {isa = PBXFileReference; lastKnownFileType = file.storyboard; name = Base; path = Base.lproj/Main.storyboard; sourceTree = "<group>"; };
		C066825F1AC7D5A10064A6C0 /* Images.xcassets */ = {isa = PBXFileReference; lastKnownFileType = folder.assetcatalog; path = Images.xcassets; sourceTree = "<group>"; };
		C06682621AC7D5A10064A6C0 /* Base */ = {isa = PBXFileReference; lastKnownFileType = file.xib; name = Base; path = Base.lproj/LaunchScreen.xib; sourceTree = "<group>"; };
		C06682681AC7D5A10064A6C0 /* GMapsDemoTests.xctest */ = {isa = PBXFileReference; explicitFileType = wrapper.cfbundle; includeInIndex = 0; path = GMapsDemoTests.xctest; sourceTree = BUILT_PRODUCTS_DIR; };
		C066826D1AC7D5A10064A6C0 /* Info.plist */ = {isa = PBXFileReference; lastKnownFileType = text.plist.xml; path = Info.plist; sourceTree = "<group>"; };
		C066826E1AC7D5A10064A6C0 /* GMapsDemoTests.swift */ = {isa = PBXFileReference; lastKnownFileType = sourcecode.swift; path = GMapsDemoTests.swift; sourceTree = "<group>"; };
		C06682791AC7DED00064A6C0 /* GoogleMaps.framework */ = {isa = PBXFileReference; lastKnownFileType = wrapper.framework; path = GoogleMaps.framework; sourceTree = "<group>"; };
		C066827B1AC7DF010064A6C0 /* GoogleMaps.bundle */ = {isa = PBXFileReference; lastKnownFileType = "wrapper.plug-in"; path = GoogleMaps.bundle; sourceTree = "<group>"; };
		C066827D1AC7DF3A0064A6C0 /* AVFoundation.framework */ = {isa = PBXFileReference; lastKnownFileType = wrapper.framework; name = AVFoundation.framework; path = System/Library/Frameworks/AVFoundation.framework; sourceTree = SDKROOT; };
		C066827F1AC7DF430064A6C0 /* CoreData.framework */ = {isa = PBXFileReference; lastKnownFileType = wrapper.framework; name = CoreData.framework; path = System/Library/Frameworks/CoreData.framework; sourceTree = SDKROOT; };
		C06682811AC7DF4D0064A6C0 /* CoreLocation.framework */ = {isa = PBXFileReference; lastKnownFileType = wrapper.framework; name = CoreLocation.framework; path = System/Library/Frameworks/CoreLocation.framework; sourceTree = SDKROOT; };
		C06682831AC7DF560064A6C0 /* CoreText.framework */ = {isa = PBXFileReference; lastKnownFileType = wrapper.framework; name = CoreText.framework; path = System/Library/Frameworks/CoreText.framework; sourceTree = SDKROOT; };
		C06682851AC7DF5F0064A6C0 /* GLKit.framework */ = {isa = PBXFileReference; lastKnownFileType = wrapper.framework; name = GLKit.framework; path = System/Library/Frameworks/GLKit.framework; sourceTree = SDKROOT; };
		C06682871AC7DF680064A6C0 /* ImageIO.framework */ = {isa = PBXFileReference; lastKnownFileType = wrapper.framework; name = ImageIO.framework; path = System/Library/Frameworks/ImageIO.framework; sourceTree = SDKROOT; };
		C06682891AC7DF770064A6C0 /* libc++.dylib */ = {isa = PBXFileReference; lastKnownFileType = "compiled.mach-o.dylib"; name = "libc++.dylib"; path = "usr/lib/libc++.dylib"; sourceTree = SDKROOT; };
		C066828B1AC7DF890064A6C0 /* libicucore.dylib */ = {isa = PBXFileReference; lastKnownFileType = "compiled.mach-o.dylib"; name = libicucore.dylib; path = usr/lib/libicucore.dylib; sourceTree = SDKROOT; };
		C066828D1AC7DF920064A6C0 /* libz.dylib */ = {isa = PBXFileReference; lastKnownFileType = "compiled.mach-o.dylib"; name = libz.dylib; path = usr/lib/libz.dylib; sourceTree = SDKROOT; };
		C066828F1AC7DF9B0064A6C0 /* OpenGLES.framework */ = {isa = PBXFileReference; lastKnownFileType = wrapper.framework; name = OpenGLES.framework; path = System/Library/Frameworks/OpenGLES.framework; sourceTree = SDKROOT; };
		C06682911AC7DFA40064A6C0 /* QuartzCore.framework */ = {isa = PBXFileReference; lastKnownFileType = wrapper.framework; name = QuartzCore.framework; path = System/Library/Frameworks/QuartzCore.framework; sourceTree = SDKROOT; };
		C06682931AC7DFAD0064A6C0 /* SystemConfiguration.framework */ = {isa = PBXFileReference; lastKnownFileType = wrapper.framework; name = SystemConfiguration.framework; path = System/Library/Frameworks/SystemConfiguration.framework; sourceTree = SDKROOT; };
		C06682951AC7E0890064A6C0 /* GMapsDemo-Bridging-Header.h */ = {isa = PBXFileReference; lastKnownFileType = sourcecode.c.h; path = "GMapsDemo-Bridging-Header.h"; sourceTree = "<group>"; };
		C06682981AC7E8ED0064A6C0 /* MapTasks.swift */ = {isa = PBXFileReference; fileEncoding = 4; lastKnownFileType = sourcecode.swift; path = MapTasks.swift; sourceTree = "<group>"; };
/* End PBXFileReference section */

/* Begin PBXFrameworksBuildPhase section */
		C06682501AC7D5A10064A6C0 /* Frameworks */ = {
			isa = PBXFrameworksBuildPhase;
			buildActionMask = 2147483647;
			files = (
				C06682941AC7DFAD0064A6C0 /* SystemConfiguration.framework in Frameworks */,
				C06682921AC7DFA40064A6C0 /* QuartzCore.framework in Frameworks */,
				C06682901AC7DF9B0064A6C0 /* OpenGLES.framework in Frameworks */,
				C066828E1AC7DF920064A6C0 /* libz.dylib in Frameworks */,
				C066828C1AC7DF890064A6C0 /* libicucore.dylib in Frameworks */,
				C066828A1AC7DF770064A6C0 /* libc++.dylib in Frameworks */,
				C06682881AC7DF680064A6C0 /* ImageIO.framework in Frameworks */,
				C06682861AC7DF5F0064A6C0 /* GLKit.framework in Frameworks */,
				C06682841AC7DF560064A6C0 /* CoreText.framework in Frameworks */,
				C06682821AC7DF4D0064A6C0 /* CoreLocation.framework in Frameworks */,
				C06682801AC7DF430064A6C0 /* CoreData.framework in Frameworks */,
				C066827E1AC7DF3A0064A6C0 /* AVFoundation.framework in Frameworks */,
				C066827A1AC7DED00064A6C0 /* GoogleMaps.framework in Frameworks */,
			);
			runOnlyForDeploymentPostprocessing = 0;
		};
		C06682651AC7D5A10064A6C0 /* Frameworks */ = {
			isa = PBXFrameworksBuildPhase;
			buildActionMask = 2147483647;
			files = (
			);
			runOnlyForDeploymentPostprocessing = 0;
		};
/* End PBXFrameworksBuildPhase section */

/* Begin PBXGroup section */
		C066824A1AC7D5A10064A6C0 = {
			isa = PBXGroup;
			children = (
				C06682931AC7DFAD0064A6C0 /* SystemConfiguration.framework */,
				C06682911AC7DFA40064A6C0 /* QuartzCore.framework */,
				C066828F1AC7DF9B0064A6C0 /* OpenGLES.framework */,
				C066828D1AC7DF920064A6C0 /* libz.dylib */,
				C066828B1AC7DF890064A6C0 /* libicucore.dylib */,
				C06682891AC7DF770064A6C0 /* libc++.dylib */,
				C06682871AC7DF680064A6C0 /* ImageIO.framework */,
				C06682851AC7DF5F0064A6C0 /* GLKit.framework */,
				C06682831AC7DF560064A6C0 /* CoreText.framework */,
				C06682811AC7DF4D0064A6C0 /* CoreLocation.framework */,
				C066827F1AC7DF430064A6C0 /* CoreData.framework */,
				C066827D1AC7DF3A0064A6C0 /* AVFoundation.framework */,
				C06682781AC7DEC30064A6C0 /* Google Maps SDK */,
				C06682551AC7D5A10064A6C0 /* GMapsDemo */,
				C066826B1AC7D5A10064A6C0 /* GMapsDemoTests */,
				C06682541AC7D5A10064A6C0 /* Products */,
				C06682951AC7E0890064A6C0 /* GMapsDemo-Bridging-Header.h */,
			);
			sourceTree = "<group>";
		};
		C06682541AC7D5A10064A6C0 /* Products */ = {
			isa = PBXGroup;
			children = (
				C06682531AC7D5A10064A6C0 /* GMapsDemo.app */,
				C06682681AC7D5A10064A6C0 /* GMapsDemoTests.xctest */,
			);
			name = Products;
			sourceTree = "<group>";
		};
		C06682551AC7D5A10064A6C0 /* GMapsDemo */ = {
			isa = PBXGroup;
			children = (
				C06682581AC7D5A10064A6C0 /* AppDelegate.swift */,
				C066825A1AC7D5A10064A6C0 /* ViewController.swift */,
				C06682981AC7E8ED0064A6C0 /* MapTasks.swift */,
				C066825C1AC7D5A10064A6C0 /* Main.storyboard */,
				C066825F1AC7D5A10064A6C0 /* Images.xcassets */,
				C06682611AC7D5A10064A6C0 /* LaunchScreen.xib */,
				C06682561AC7D5A10064A6C0 /* Supporting Files */,
			);
			path = GMapsDemo;
			sourceTree = "<group>";
		};
		C06682561AC7D5A10064A6C0 /* Supporting Files */ = {
			isa = PBXGroup;
			children = (
				C06682571AC7D5A10064A6C0 /* Info.plist */,
			);
			name = "Supporting Files";
			sourceTree = "<group>";
		};
		C066826B1AC7D5A10064A6C0 /* GMapsDemoTests */ = {
			isa = PBXGroup;
			children = (
				C066826E1AC7D5A10064A6C0 /* GMapsDemoTests.swift */,
				C066826C1AC7D5A10064A6C0 /* Supporting Files */,
			);
			path = GMapsDemoTests;
			sourceTree = "<group>";
		};
		C066826C1AC7D5A10064A6C0 /* Supporting Files */ = {
			isa = PBXGroup;
			children = (
				C066826D1AC7D5A10064A6C0 /* Info.plist */,
			);
			name = "Supporting Files";
			sourceTree = "<group>";
		};
		C06682781AC7DEC30064A6C0 /* Google Maps SDK */ = {
			isa = PBXGroup;
			children = (
				C066827B1AC7DF010064A6C0 /* GoogleMaps.bundle */,
				C06682791AC7DED00064A6C0 /* GoogleMaps.framework */,
			);
			name = "Google Maps SDK";
			sourceTree = "<group>";
		};
/* End PBXGroup section */

/* Begin PBXNativeTarget section */
		C06682521AC7D5A10064A6C0 /* GMapsDemo */ = {
			isa = PBXNativeTarget;
			buildConfigurationList = C06682721AC7D5A10064A6C0 /* Build configuration list for PBXNativeTarget "GMapsDemo" */;
			buildPhases = (
				C066824F1AC7D5A10064A6C0 /* Sources */,
				C06682501AC7D5A10064A6C0 /* Frameworks */,
				C06682511AC7D5A10064A6C0 /* Resources */,
			);
			buildRules = (
			);
			dependencies = (
			);
			name = GMapsDemo;
			productName = GMapsDemo;
			productReference = C06682531AC7D5A10064A6C0 /* GMapsDemo.app */;
			productType = "com.apple.product-type.application";
		};
		C06682671AC7D5A10064A6C0 /* GMapsDemoTests */ = {
			isa = PBXNativeTarget;
			buildConfigurationList = C06682751AC7D5A10064A6C0 /* Build configuration list for PBXNativeTarget "GMapsDemoTests" */;
			buildPhases = (
				C06682641AC7D5A10064A6C0 /* Sources */,
				C06682651AC7D5A10064A6C0 /* Frameworks */,
				C06682661AC7D5A10064A6C0 /* Resources */,
			);
			buildRules = (
			);
			dependencies = (
				C066826A1AC7D5A10064A6C0 /* PBXTargetDependency */,
			);
			name = GMapsDemoTests;
			productName = GMapsDemoTests;
			productReference = C06682681AC7D5A10064A6C0 /* GMapsDemoTests.xctest */;
			productType = "com.apple.product-type.bundle.unit-test";
		};
/* End PBXNativeTarget section */

/* Begin PBXProject section */
		C066824B1AC7D5A10064A6C0 /* Project object */ = {
			isa = PBXProject;
			attributes = {
				LastUpgradeCheck = 0620;
				ORGANIZATIONNAME = Appcoda;
				TargetAttributes = {
					C06682521AC7D5A10064A6C0 = {
						CreatedOnToolsVersion = 6.2;
					};
					C06682671AC7D5A10064A6C0 = {
						CreatedOnToolsVersion = 6.2;
						TestTargetID = C06682521AC7D5A10064A6C0;
					};
				};
			};
			buildConfigurationList = C066824E1AC7D5A10064A6C0 /* Build configuration list for PBXProject "GMapsDemo" */;
			compatibilityVersion = "Xcode 3.2";
			developmentRegion = English;
			hasScannedForEncodings = 0;
			knownRegions = (
				en,
				Base,
			);
			mainGroup = C066824A1AC7D5A10064A6C0;
			productRefGroup = C06682541AC7D5A10064A6C0 /* Products */;
			projectDirPath = "";
			projectRoot = "";
			targets = (
				C06682521AC7D5A10064A6C0 /* GMapsDemo */,
				C06682671AC7D5A10064A6C0 /* GMapsDemoTests */,
			);
		};
/* End PBXProject section */

/* Begin PBXResourcesBuildPhase section */
		C06682511AC7D5A10064A6C0 /* Resources */ = {
			isa = PBXResourcesBuildPhase;
			buildActionMask = 2147483647;
			files = (
				C066825E1AC7D5A10064A6C0 /* Main.storyboard in Resources */,
				C06682631AC7D5A10064A6C0 /* LaunchScreen.xib in Resources */,
				C06682601AC7D5A10064A6C0 /* Images.xcassets in Resources */,
				C066827C1AC7DF010064A6C0 /* GoogleMaps.bundle in Resources */,
			);
			runOnlyForDeploymentPostprocessing = 0;
		};
		C06682661AC7D5A10064A6C0 /* Resources */ = {
			isa = PBXResourcesBuildPhase;
			buildActionMask = 2147483647;
			files = (
			);
			runOnlyForDeploymentPostprocessing = 0;
		};
/* End PBXResourcesBuildPhase section */

/* Begin PBXSourcesBuildPhase section */
		C066824F1AC7D5A10064A6C0 /* Sources */ = {
			isa = PBXSourcesBuildPhase;
			buildActionMask = 2147483647;
			files = (
				C06682991AC7E8ED0064A6C0 /* MapTasks.swift in Sources */,
				C066825B1AC7D5A10064A6C0 /* ViewController.swift in Sources */,
				C06682591AC7D5A10064A6C0 /* AppDelegate.swift in Sources */,
			);
			runOnlyForDeploymentPostprocessing = 0;
		};
		C06682641AC7D5A10064A6C0 /* Sources */ = {
			isa = PBXSourcesBuildPhase;
			buildActionMask = 2147483647;
			files = (
				C066826F1AC7D5A10064A6C0 /* GMapsDemoTests.swift in Sources */,
			);
			runOnlyForDeploymentPostprocessing = 0;
		};
/* End PBXSourcesBuildPhase section */

/* Begin PBXTargetDependency section */
		C066826A1AC7D5A10064A6C0 /* PBXTargetDependency */ = {
			isa = PBXTargetDependency;
			target = C06682521AC7D5A10064A6C0 /* GMapsDemo */;
			targetProxy = C06682691AC7D5A10064A6C0 /* PBXContainerItemProxy */;
		};
/* End PBXTargetDependency section */

/* Begin PBXVariantGroup section */
		C066825C1AC7D5A10064A6C0 /* Main.storyboard */ = {
			isa = PBXVariantGroup;
			children = (
				C066825D1AC7D5A10064A6C0 /* Base */,
			);
			name = Main.storyboard;
			sourceTree = "<group>";
		};
		C06682611AC7D5A10064A6C0 /* LaunchScreen.xib */ = {
			isa = PBXVariantGroup;
			children = (
				C06682621AC7D5A10064A6C0 /* Base */,
			);
			name = LaunchScreen.xib;
			sourceTree = "<group>";
		};
/* End PBXVariantGroup section */

/* Begin XCBuildConfiguration section */
		C06682701AC7D5A10064A6C0 /* Debug */ = {
			isa = XCBuildConfiguration;
			buildSettings = {
				ALWAYS_SEARCH_USER_PATHS = NO;
				CLANG_CXX_LANGUAGE_STANDARD = "gnu++0x";
				CLANG_CXX_LIBRARY = "libc++";
				CLANG_ENABLE_MODULES = YES;
				CLANG_ENABLE_OBJC_ARC = YES;
				CLANG_WARN_BOOL_CONVERSION = YES;
				CLANG_WARN_CONSTANT_CONVERSION = YES;
				CLANG_WARN_DIRECT_OBJC_ISA_USAGE = YES_ERROR;
				CLANG_WARN_EMPTY_BODY = YES;
				CLANG_WARN_ENUM_CONVERSION = YES;
				CLANG_WARN_INT_CONVERSION = YES;
				CLANG_WARN_OBJC_ROOT_CLASS = YES_ERROR;
				CLANG_WARN_UNREACHABLE_CODE = YES;
				CLANG_WARN__DUPLICATE_METHOD_MATCH = YES;
				"CODE_SIGN_IDENTITY[sdk=iphoneos*]" = "iPhone Developer";
				COPY_PHASE_STRIP = NO;
				ENABLE_STRICT_OBJC_MSGSEND = YES;
				GCC_C_LANGUAGE_STANDARD = gnu99;
				GCC_DYNAMIC_NO_PIC = NO;
				GCC_OPTIMIZATION_LEVEL = 0;
				GCC_PREPROCESSOR_DEFINITIONS = (
					"DEBUG=1",
					"$(inherited)",
				);
				GCC_SYMBOLS_PRIVATE_EXTERN = NO;
				GCC_WARN_64_TO_32_BIT_CONVERSION = YES;
				GCC_WARN_ABOUT_RETURN_TYPE = YES_ERROR;
				GCC_WARN_UNDECLARED_SELECTOR = YES;
				GCC_WARN_UNINITIALIZED_AUTOS = YES_AGGRESSIVE;
				GCC_WARN_UNUSED_FUNCTION = YES;
				GCC_WARN_UNUSED_VARIABLE = YES;
				IPHONEOS_DEPLOYMENT_TARGET = 8.2;
				MTL_ENABLE_DEBUG_INFO = YES;
				ONLY_ACTIVE_ARCH = YES;
				SDKROOT = iphoneos;
				SWIFT_OPTIMIZATION_LEVEL = "-Onone";
			};
			name = Debug;
		};
		C06682711AC7D5A10064A6C0 /* Release */ = {
			isa = XCBuildConfiguration;
			buildSettings = {
				ALWAYS_SEARCH_USER_PATHS = NO;
				CLANG_CXX_LANGUAGE_STANDARD = "gnu++0x";
				CLANG_CXX_LIBRARY = "libc++";
				CLANG_ENABLE_MODULES = YES;
				CLANG_ENABLE_OBJC_ARC = YES;
				CLANG_WARN_BOOL_CONVERSION = YES;
				CLANG_WARN_CONSTANT_CONVERSION = YES;
				CLANG_WARN_DIRECT_OBJC_ISA_USAGE = YES_ERROR;
				CLANG_WARN_EMPTY_BODY = YES;
				CLANG_WARN_ENUM_CONVERSION = YES;
				CLANG_WARN_INT_CONVERSION = YES;
				CLANG_WARN_OBJC_ROOT_CLASS = YES_ERROR;
				CLANG_WARN_UNREACHABLE_CODE = YES;
				CLANG_WARN__DUPLICATE_METHOD_MATCH = YES;
				"CODE_SIGN_IDENTITY[sdk=iphoneos*]" = "iPhone Developer";
				COPY_PHASE_STRIP = NO;
				ENABLE_NS_ASSERTIONS = NO;
				ENABLE_STRICT_OBJC_MSGSEND = YES;
				GCC_C_LANGUAGE_STANDARD = gnu99;
				GCC_WARN_64_TO_32_BIT_CONVERSION = YES;
				GCC_WARN_ABOUT_RETURN_TYPE = YES_ERROR;
				GCC_WARN_UNDECLARED_SELECTOR = YES;
				GCC_WARN_UNINITIALIZED_AUTOS = YES_AGGRESSIVE;
				GCC_WARN_UNUSED_FUNCTION = YES;
				GCC_WARN_UNUSED_VARIABLE = YES;
				IPHONEOS_DEPLOYMENT_TARGET = 8.2;
				MTL_ENABLE_DEBUG_INFO = NO;
				SDKROOT = iphoneos;
				VALIDATE_PRODUCT = YES;
			};
			name = Release;
		};
		C06682731AC7D5A10064A6C0 /* Debug */ = {
			isa = XCBuildConfiguration;
			buildSettings = {
				ASSETCATALOG_COMPILER_APPICON_NAME = AppIcon;
				CLANG_ENABLE_MODULES = YES;
				FRAMEWORK_SEARCH_PATHS = (
					"$(inherited)",
					"$(PROJECT_DIR)",
				);
				INFOPLIST_FILE = GMapsDemo/Info.plist;
				LD_RUNPATH_SEARCH_PATHS = "$(inherited) @executable_path/Frameworks";
				OTHER_LDFLAGS = "-ObjC";
				PRODUCT_NAME = "$(TARGET_NAME)";
				SWIFT_OBJC_BRIDGING_HEADER = "GMapsDemo-Bridging-Header.h";
				SWIFT_OPTIMIZATION_LEVEL = "-Onone";
			};
			name = Debug;
		};
		C06682741AC7D5A10064A6C0 /* Release */ = {
			isa = XCBuildConfiguration;
			buildSettings = {
				ASSETCATALOG_COMPILER_APPICON_NAME = AppIcon;
				CLANG_ENABLE_MODULES = YES;
				FRAMEWORK_SEARCH_PATHS = (
					"$(inherited)",
					"$(PROJECT_DIR)",
				);
				INFOPLIST_FILE = GMapsDemo/Info.plist;
				LD_RUNPATH_SEARCH_PATHS = "$(inherited) @executable_path/Frameworks";
				OTHER_LDFLAGS = "-ObjC";
				PRODUCT_NAME = "$(TARGET_NAME)";
				SWIFT_OBJC_BRIDGING_HEADER = "GMapsDemo-Bridging-Header.h";
			};
			name = Release;
		};
		C06682761AC7D5A10064A6C0 /* Debug */ = {
			isa = XCBuildConfiguration;
			buildSettings = {
				BUNDLE_LOADER = "$(TEST_HOST)";
				FRAMEWORK_SEARCH_PATHS = (
					"$(SDKROOT)/Developer/Library/Frameworks",
					"$(inherited)",
				);
				GCC_PREPROCESSOR_DEFINITIONS = (
					"DEBUG=1",
					"$(inherited)",
				);
				INFOPLIST_FILE = GMapsDemoTests/Info.plist;
				LD_RUNPATH_SEARCH_PATHS = "$(inherited) @executable_path/Frameworks @loader_path/Frameworks";
				PRODUCT_NAME = "$(TARGET_NAME)";
				TEST_HOST = "$(BUILT_PRODUCTS_DIR)/GMapsDemo.app/GMapsDemo";
			};
			name = Debug;
		};
		C06682771AC7D5A10064A6C0 /* Release */ = {
			isa = XCBuildConfiguration;
			buildSettings = {
				BUNDLE_LOADER = "$(TEST_HOST)";
				FRAMEWORK_SEARCH_PATHS = (
					"$(SDKROOT)/Developer/Library/Frameworks",
					"$(inherited)",
				);
				INFOPLIST_FILE = GMapsDemoTests/Info.plist;
				LD_RUNPATH_SEARCH_PATHS = "$(inherited) @executable_path/Frameworks @loader_path/Frameworks";
				PRODUCT_NAME = "$(TARGET_NAME)";
				TEST_HOST = "$(BUILT_PRODUCTS_DIR)/GMapsDemo.app/GMapsDemo";
			};
			name = Release;
		};
/* End XCBuildConfiguration section */

/* Begin XCConfigurationList section */
		C066824E1AC7D5A10064A6C0 /* Build configuration list for PBXProject "GMapsDemo" */ = {
			isa = XCConfigurationList;
			buildConfigurations = (
				C06682701AC7D5A10064A6C0 /* Debug */,
				C06682711AC7D5A10064A6C0 /* Release */,
			);
			defaultConfigurationIsVisible = 0;
			defaultConfigurationName = Release;
		};
		C06682721AC7D5A10064A6C0 /* Build configuration list for PBXNativeTarget "GMapsDemo" */ = {
			isa = XCConfigurationList;
			buildConfigurations = (
				C06682731AC7D5A10064A6C0 /* Debug */,
				C06682741AC7D5A10064A6C0 /* Release */,
			);
			defaultConfigurationIsVisible = 0;
			defaultConfigurationName = Release;
		};
		C06682751AC7D5A10064A6C0 /* Build configuration list for PBXNativeTarget "GMapsDemoTests" */ = {
			isa = XCConfigurationList;
			buildConfigurations = (
				C06682761AC7D5A10064A6C0 /* Debug */,
				C06682771AC7D5A10064A6C0 /* Release */,
			);
			defaultConfigurationIsVisible = 0;
			defaultConfigurationName = Release;
		};
/* End XCConfigurationList section */
	};
	rootObject = C066824B1AC7D5A10064A6C0 /* Project object */;
}
